
Microsoft Visual Studio Solution File, Format Version 12.00
# Visual Studio Version 17
VisualStudioVersion = 17.10.35027.167
MinimumVisualStudioVersion = 10.0.40219.1
Project("{FAE04EC0-301F-11D3-BF4B-00C04F79EFBC}") = "pryZarateFerro", "pryZarateFerro\pryZarateFerro.csproj", "{79FB09C8-90AA-4961-A7C5-38787FE3D600}"
EndProject
Global
	GlobalSection(SolutionConfigurationPlatforms) = preSolution
		Debug|Any CPU = Debug|Any CPU
		Release|Any CPU = Release|Any CPU
	EndGlobalSection
	GlobalSection(ProjectConfigurationPlatforms) = postSolution
		{79FB09C8-90AA-4961-A7C5-38787FE3D600}.Debug|Any CPU.ActiveCfg = Debug|Any CPU
		{79FB09C8-90AA-4961-A7C5-38787FE3D600}.Debug|Any CPU.Build.0 = Debug|Any CPU
		{79FB09C8-90AA-4961-A7C5-38787FE3D600}.Release|Any CPU.ActiveCfg = Release|Any CPU
		{79FB09C8-90AA-4961-A7C5-38787FE3D600}.Release|Any CPU.Build.0 = Release|Any CPU
	EndGlobalSection
	GlobalSection(SolutionProperties) = preSolution
		HideSolutionNode = FALSE
	EndGlobalSection
	GlobalSection(ExtensibilityGlobals) = postSolution
		SolutionGuid = {073417F8-9DA3-41EA-942E-032669D0796D}
	EndGlobalSection
EndGlobal
